
Microsoft Visual Studio Solution File, Format Version 12.00
# Visual Studio 15
VisualStudioVersion = 15.0.27703.2042
MinimumVisualStudioVersion = 10.0.40219.1
Project("{FAE04EC0-301F-11D3-BF4B-00C04F79EFBC}") = "BracketWFA", "BracketWFA\BracketWFA.csproj", "{AA7885DB-B347-49E6-B2F4-BA7596BC1CE7}"
EndProject
Project("{FAE04EC0-301F-11D3-BF4B-00C04F79EFBC}") = "BracketAPIService", "BracketAPIService\BracketAPIService.csproj", "{6F8AFDB1-48A2-450E-8BC5-260B5B33551A}"
EndProject
Project("{FAE04EC0-301F-11D3-BF4B-00C04F79EFBC}") = "TournamentDataAccess", "TournamentDataAccess\TournamentDataAccess.csproj", "{B64F3256-FD59-46FA-B9F0-4D21D9B059FE}"
EndProject
Project("{FAE04EC0-301F-11D3-BF4B-00C04F79EFBC}") = "BracketWebApp", "BracketWebApp\BracketWebApp.csproj", "{9A57578F-0AC1-4AB4-9B28-7B2C5EDF3F00}"
EndProject
Project("{E53339B2-1760-4266-BCC7-CA923CBCF16C}") = "docker-compose", "docker-compose.dcproj", "{85AD8B65-5965-41D4-9DD1-603E312E9E16}"
EndProject
Global
	GlobalSection(SolutionConfigurationPlatforms) = preSolution
		Debug|Any CPU = Debug|Any CPU
		Release|Any CPU = Release|Any CPU
	EndGlobalSection
	GlobalSection(ProjectConfigurationPlatforms) = postSolution
		{AA7885DB-B347-49E6-B2F4-BA7596BC1CE7}.Debug|Any CPU.ActiveCfg = Debug|Any CPU
		{AA7885DB-B347-49E6-B2F4-BA7596BC1CE7}.Debug|Any CPU.Build.0 = Debug|Any CPU
		{AA7885DB-B347-49E6-B2F4-BA7596BC1CE7}.Release|Any CPU.ActiveCfg = Release|Any CPU
		{AA7885DB-B347-49E6-B2F4-BA7596BC1CE7}.Release|Any CPU.Build.0 = Release|Any CPU
		{6F8AFDB1-48A2-450E-8BC5-260B5B33551A}.Debug|Any CPU.ActiveCfg = Debug|Any CPU
		{6F8AFDB1-48A2-450E-8BC5-260B5B33551A}.Debug|Any CPU.Build.0 = Debug|Any CPU
		{6F8AFDB1-48A2-450E-8BC5-260B5B33551A}.Release|Any CPU.ActiveCfg = Release|Any CPU
		{6F8AFDB1-48A2-450E-8BC5-260B5B33551A}.Release|Any CPU.Build.0 = Release|Any CPU
		{B64F3256-FD59-46FA-B9F0-4D21D9B059FE}.Debug|Any CPU.ActiveCfg = Debug|Any CPU
		{B64F3256-FD59-46FA-B9F0-4D21D9B059FE}.Debug|Any CPU.Build.0 = Debug|Any CPU
		{B64F3256-FD59-46FA-B9F0-4D21D9B059FE}.Release|Any CPU.ActiveCfg = Release|Any CPU
		{B64F3256-FD59-46FA-B9F0-4D21D9B059FE}.Release|Any CPU.Build.0 = Release|Any CPU
		{9A57578F-0AC1-4AB4-9B28-7B2C5EDF3F00}.Debug|Any CPU.ActiveCfg = Debug|Any CPU
		{9A57578F-0AC1-4AB4-9B28-7B2C5EDF3F00}.Debug|Any CPU.Build.0 = Debug|Any CPU
		{9A57578F-0AC1-4AB4-9B28-7B2C5EDF3F00}.Release|Any CPU.ActiveCfg = Release|Any CPU
		{9A57578F-0AC1-4AB4-9B28-7B2C5EDF3F00}.Release|Any CPU.Build.0 = Release|Any CPU
		{85AD8B65-5965-41D4-9DD1-603E312E9E16}.Debug|Any CPU.ActiveCfg = Debug|Any CPU
		{85AD8B65-5965-41D4-9DD1-603E312E9E16}.Debug|Any CPU.Build.0 = Debug|Any CPU
		{85AD8B65-5965-41D4-9DD1-603E312E9E16}.Release|Any CPU.ActiveCfg = Release|Any CPU
		{85AD8B65-5965-41D4-9DD1-603E312E9E16}.Release|Any CPU.Build.0 = Release|Any CPU
	EndGlobalSection
	GlobalSection(SolutionProperties) = preSolution
		HideSolutionNode = FALSE
	EndGlobalSection
	GlobalSection(ExtensibilityGlobals) = postSolution
		SolutionGuid = {255C0F15-B116-43E1-B037-522BDE371CF4}
	EndGlobalSection
EndGlobal
